
Microsoft Visual Studio Solution File, Format Version 12.00
# Visual Studio 2013
VisualStudioVersion = 12.0.30501.0
MinimumVisualStudioVersion = 10.0.40219.1
Project("{FAE04EC0-301F-11D3-BF4B-00C04F79EFBC}") = "JsonConfiguration", "JsonConfiguration\JsonConfiguration.csproj", "{82ADC97A-DF14-4F4C-8A9D-A05C68989611}"
EndProject
Project("{FAE04EC0-301F-11D3-BF4B-00C04F79EFBC}") = "JsonConfiguration.Tests", "JsonConfiguration.Tests\JsonConfiguration.Tests.csproj", "{266765FC-FB2A-443B-AAB2-B0A3CDDE2E38}"
EndProject
Global
	GlobalSection(SolutionConfigurationPlatforms) = preSolution
		Debug|Any CPU = Debug|Any CPU
		Release|Any CPU = Release|Any CPU
	EndGlobalSection
	GlobalSection(ProjectConfigurationPlatforms) = postSolution
		{82ADC97A-DF14-4F4C-8A9D-A05C68989611}.Debug|Any CPU.ActiveCfg = Debug|Any CPU
		{82ADC97A-DF14-4F4C-8A9D-A05C68989611}.Debug|Any CPU.Build.0 = Debug|Any CPU
		{82ADC97A-DF14-4F4C-8A9D-A05C68989611}.Release|Any CPU.ActiveCfg = Release|Any CPU
		{82ADC97A-DF14-4F4C-8A9D-A05C68989611}.Release|Any CPU.Build.0 = Release|Any CPU
		{266765FC-FB2A-443B-AAB2-B0A3CDDE2E38}.Debug|Any CPU.ActiveCfg = Debug|Any CPU
		{266765FC-FB2A-443B-AAB2-B0A3CDDE2E38}.Debug|Any CPU.Build.0 = Debug|Any CPU
		{266765FC-FB2A-443B-AAB2-B0A3CDDE2E38}.Release|Any CPU.ActiveCfg = Release|Any CPU
		{266765FC-FB2A-443B-AAB2-B0A3CDDE2E38}.Release|Any CPU.Build.0 = Release|Any CPU
	EndGlobalSection
	GlobalSection(SolutionProperties) = preSolution
		HideSolutionNode = FALSE
	EndGlobalSection
EndGlobal
